
Microsoft Visual Studio Solution File, Format Version 12.00
# Visual Studio Version 17
VisualStudioVersion = 17.7.34221.43
MinimumVisualStudioVersion = 10.0.40219.1
Project("{FAE04EC0-301F-11D3-BF4B-00C04F79EFBC}") = "WebApp_MVC", "WebApp_MVC\WebApp_MVC.csproj", "{2C808E48-D46E-4E7A-912B-4282E3783857}"
EndProject
Global
	GlobalSection(SolutionConfigurationPlatforms) = preSolution
		Debug|Any CPU = Debug|Any CPU
		Release|Any CPU = Release|Any CPU
	EndGlobalSection
	GlobalSection(ProjectConfigurationPlatforms) = postSolution
		{2C808E48-D46E-4E7A-912B-4282E3783857}.Debug|Any CPU.ActiveCfg = Debug|Any CPU
		{2C808E48-D46E-4E7A-912B-4282E3783857}.Debug|Any CPU.Build.0 = Debug|Any CPU
		{2C808E48-D46E-4E7A-912B-4282E3783857}.Release|Any CPU.ActiveCfg = Release|Any CPU
		{2C808E48-D46E-4E7A-912B-4282E3783857}.Release|Any CPU.Build.0 = Release|Any CPU
	EndGlobalSection
	GlobalSection(SolutionProperties) = preSolution
		HideSolutionNode = FALSE
	EndGlobalSection
	GlobalSection(ExtensibilityGlobals) = postSolution
		SolutionGuid = {18FFFABF-E970-45D6-98DD-222D1DED3D36}
	EndGlobalSection
EndGlobal
